{
  "pins" : [
    {
      "identity" : "snapkit",
      "kind" : "remoteSourceControl",
      "location" : "https://github.com/Tech-Birds-Company/SnapKit",
      "state" : {
        "branch" : "develop",
        "revision" : "8b82ff31d4b751109ae1761ccefdf28dd81f4ae3"
      }
    }
  ],
  "version" : 2
}
